// !$*UTF8*$!
{
	archiveVersion = 1;
	classes = {
	};
	objectVersion = 56;
	objects = {

/* Begin PBXBuildFile section */
		0D14EDA228FBED34006D9DC9 /* AppDelegate.swift in Sources */ = {isa = PBXBuildFile; fileRef = 0D14EDA128FBED34006D9DC9 /* AppDelegate.swift */; };
		0D14EDA428FBED34006D9DC9 /* SceneDelegate.swift in Sources */ = {isa = PBXBuildFile; fileRef = 0D14EDA328FBED34006D9DC9 /* SceneDelegate.swift */; };
		0D14EDA628FBED34006D9DC9 /* ViewController.swift in Sources */ = {isa = PBXBuildFile; fileRef = 0D14EDA528FBED34006D9DC9 /* ViewController.swift */; };
		0D14EDA928FBED34006D9DC9 /* Main.storyboard in Resources */ = {isa = PBXBuildFile; fileRef = 0D14EDA728FBED34006D9DC9 /* Main.storyboard */; };
		0D14EDAB28FBED36006D9DC9 /* Assets.xcassets in Resources */ = {isa = PBXBuildFile; fileRef = 0D14EDAA28FBED36006D9DC9 /* Assets.xcassets */; };
		0D14EDAE28FBED36006D9DC9 /* LaunchScreen.storyboard in Resources */ = {isa = PBXBuildFile; fileRef = 0D14EDAC28FBED36006D9DC9 /* LaunchScreen.storyboard */; };
		0D14EDB928FBED36006D9DC9 /* DeadMenTests.swift in Sources */ = {isa = PBXBuildFile; fileRef = 0D14EDB828FBED36006D9DC9 /* DeadMenTests.swift */; };
		0D14EDC328FBED36006D9DC9 /* DeadMenUITests.swift in Sources */ = {isa = PBXBuildFile; fileRef = 0D14EDC228FBED36006D9DC9 /* DeadMenUITests.swift */; };
		0D14EDC528FBED36006D9DC9 /* DeadMenUITestsLaunchTests.swift in Sources */ = {isa = PBXBuildFile; fileRef = 0D14EDC428FBED36006D9DC9 /* DeadMenUITestsLaunchTests.swift */; };
		0D14EDD228FBEDFB006D9DC9 /* TestVC.swift in Sources */ = {isa = PBXBuildFile; fileRef = 0D14EDD128FBEDFB006D9DC9 /* TestVC.swift */; };
		0D14EDD428FC695C006D9DC9 /* newtaskcontroller.swift in Sources */ = {isa = PBXBuildFile; fileRef = 0D14EDD328FC695C006D9DC9 /* newtaskcontroller.swift */; };
		0D14EDD628FC821F006D9DC9 /* TaskViewController.swift in Sources */ = {isa = PBXBuildFile; fileRef = 0D14EDD528FC821F006D9DC9 /* TaskViewController.swift */; };
/* End PBXBuildFile section */

/* Begin PBXContainerItemProxy section */
		0D14EDB528FBED36006D9DC9 /* PBXContainerItemProxy */ = {
			isa = PBXContainerItemProxy;
			containerPortal = 0D14ED9628FBED34006D9DC9 /* Project object */;
			proxyType = 1;
			remoteGlobalIDString = 0D14ED9D28FBED34006D9DC9;
			remoteInfo = DeadMen;
		};
		0D14EDBF28FBED36006D9DC9 /* PBXContainerItemProxy */ = {
			isa = PBXContainerItemProxy;
			containerPortal = 0D14ED9628FBED34006D9DC9 /* Project object */;
			proxyType = 1;
			remoteGlobalIDString = 0D14ED9D28FBED34006D9DC9;
			remoteInfo = DeadMen;
		};
/* End PBXContainerItemProxy section */

/* Begin PBXFileReference section */
		0D14ED9E28FBED34006D9DC9 /* DeadMen.app */ = {isa = PBXFileReference; explicitFileType = wrapper.application; includeInIndex = 0; path = DeadMen.app; sourceTree = BUILT_PRODUCTS_DIR; };
		0D14EDA128FBED34006D9DC9 /* AppDelegate.swift */ = {isa = PBXFileReference; lastKnownFileType = sourcecode.swift; path = AppDelegate.swift; sourceTree = "<group>"; };
		0D14EDA328FBED34006D9DC9 /* SceneDelegate.swift */ = {isa = PBXFileReference; lastKnownFileType = sourcecode.swift; path = SceneDelegate.swift; sourceTree = "<group>"; };
		0D14EDA528FBED34006D9DC9 /* ViewController.swift */ = {isa = PBXFileReference; lastKnownFileType = sourcecode.swift; path = ViewController.swift; sourceTree = "<group>"; };
		0D14EDA828FBED34006D9DC9 /* Base */ = {isa = PBXFileReference; lastKnownFileType = file.storyboard; name = Base; path = Base.lproj/Main.storyboard; sourceTree = "<group>"; };
		0D14EDAA28FBED36006D9DC9 /* Assets.xcassets */ = {isa = PBXFileReference; lastKnownFileType = folder.assetcatalog; path = Assets.xcassets; sourceTree = "<group>"; };
		0D14EDAD28FBED36006D9DC9 /* Base */ = {isa = PBXFileReference; lastKnownFileType = file.storyboard; name = Base; path = Base.lproj/LaunchScreen.storyboard; sourceTree = "<group>"; };
		0D14EDAF28FBED36006D9DC9 /* Info.plist */ = {isa = PBXFileReference; lastKnownFileType = text.plist.xml; path = Info.plist; sourceTree = "<group>"; };
		0D14EDB428FBED36006D9DC9 /* DeadMenTests.xctest */ = {isa = PBXFileReference; explicitFileType = wrapper.cfbundle; includeInIndex = 0; path = DeadMenTests.xctest; sourceTree = BUILT_PRODUCTS_DIR; };
		0D14EDB828FBED36006D9DC9 /* DeadMenTests.swift */ = {isa = PBXFileReference; lastKnownFileType = sourcecode.swift; path = DeadMenTests.swift; sourceTree = "<group>"; };
		0D14EDBE28FBED36006D9DC9 /* DeadMenUITests.xctest */ = {isa = PBXFileReference; explicitFileType = wrapper.cfbundle; includeInIndex = 0; path = DeadMenUITests.xctest; sourceTree = BUILT_PRODUCTS_DIR; };
		0D14EDC228FBED36006D9DC9 /* DeadMenUITests.swift */ = {isa = PBXFileReference; lastKnownFileType = sourcecode.swift; path = DeadMenUITests.swift; sourceTree = "<group>"; };
		0D14EDC428FBED36006D9DC9 /* DeadMenUITestsLaunchTests.swift */ = {isa = PBXFileReference; lastKnownFileType = sourcecode.swift; path = DeadMenUITestsLaunchTests.swift; sourceTree = "<group>"; };
		0D14EDD128FBEDFB006D9DC9 /* TestVC.swift */ = {isa = PBXFileReference; lastKnownFileType = sourcecode.swift; path = TestVC.swift; sourceTree = "<group>"; };
		0D14EDD328FC695C006D9DC9 /* newtaskcontroller.swift */ = {isa = PBXFileReference; lastKnownFileType = sourcecode.swift; path = newtaskcontroller.swift; sourceTree = "<group>"; };
		0D14EDD528FC821F006D9DC9 /* TaskViewController.swift */ = {isa = PBXFileReference; lastKnownFileType = sourcecode.swift; path = TaskViewController.swift; sourceTree = "<group>"; };
/* End PBXFileReference section */

/* Begin PBXFrameworksBuildPhase section */
		0D14ED9B28FBED34006D9DC9 /* Frameworks */ = {
			isa = PBXFrameworksBuildPhase;
			buildActionMask = 2147483647;
			files = (
			);
			runOnlyForDeploymentPostprocessing = 0;
		};
		0D14EDB128FBED36006D9DC9 /* Frameworks */ = {
			isa = PBXFrameworksBuildPhase;
			buildActionMask = 2147483647;
			files = (
			);
			runOnlyForDeploymentPostprocessing = 0;
		};
		0D14EDBB28FBED36006D9DC9 /* Frameworks */ = {
			isa = PBXFrameworksBuildPhase;
			buildActionMask = 2147483647;
			files = (
			);
			runOnlyForDeploymentPostprocessing = 0;
		};
/* End PBXFrameworksBuildPhase section */

/* Begin PBXGroup section */
		0D14ED9528FBED34006D9DC9 = {
			isa = PBXGroup;
			children = (
				0D14EDA028FBED34006D9DC9 /* DeadMen */,
				0D14EDB728FBED36006D9DC9 /* DeadMenTests */,
				0D14EDC128FBED36006D9DC9 /* DeadMenUITests */,
				0D14ED9F28FBED34006D9DC9 /* Products */,
			);
			sourceTree = "<group>";
		};
		0D14ED9F28FBED34006D9DC9 /* Products */ = {
			isa = PBXGroup;
			children = (
				0D14ED9E28FBED34006D9DC9 /* DeadMen.app */,
				0D14EDB428FBED36006D9DC9 /* DeadMenTests.xctest */,
				0D14EDBE28FBED36006D9DC9 /* DeadMenUITests.xctest */,
			);
			name = Products;
			sourceTree = "<group>";
		};
		0D14EDA028FBED34006D9DC9 /* DeadMen */ = {
			isa = PBXGroup;
			children = (
				0D14EDA128FBED34006D9DC9 /* AppDelegate.swift */,
				0D14EDA328FBED34006D9DC9 /* SceneDelegate.swift */,
				0D14EDA528FBED34006D9DC9 /* ViewController.swift */,
				0D14EDA728FBED34006D9DC9 /* Main.storyboard */,
				0D14EDAA28FBED36006D9DC9 /* Assets.xcassets */,
				0D14EDAC28FBED36006D9DC9 /* LaunchScreen.storyboard */,
				0D14EDAF28FBED36006D9DC9 /* Info.plist */,
				0D14EDD128FBEDFB006D9DC9 /* TestVC.swift */,
				0D14EDD328FC695C006D9DC9 /* newtaskcontroller.swift */,
				0D14EDD528FC821F006D9DC9 /* TaskViewController.swift */,
			);
			path = DeadMen;
			sourceTree = "<group>";
		};
		0D14EDB728FBED36006D9DC9 /* DeadMenTests */ = {
			isa = PBXGroup;
			children = (
				0D14EDB828FBED36006D9DC9 /* DeadMenTests.swift */,
			);
			path = DeadMenTests;
			sourceTree = "<group>";
		};
		0D14EDC128FBED36006D9DC9 /* DeadMenUITests */ = {
			isa = PBXGroup;
			children = (
				0D14EDC228FBED36006D9DC9 /* DeadMenUITests.swift */,
				0D14EDC428FBED36006D9DC9 /* DeadMenUITestsLaunchTests.swift */,
			);
			path = DeadMenUITests;
			sourceTree = "<group>";
		};
/* End PBXGroup section */

/* Begin PBXNativeTarget section */
		0D14ED9D28FBED34006D9DC9 /* DeadMen */ = {
			isa = PBXNativeTarget;
			buildConfigurationList = 0D14EDC828FBED36006D9DC9 /* Build configuration list for PBXNativeTarget "DeadMen" */;
			buildPhases = (
				0D14ED9A28FBED34006D9DC9 /* Sources */,
				0D14ED9B28FBED34006D9DC9 /* Frameworks */,
				0D14ED9C28FBED34006D9DC9 /* Resources */,
			);
			buildRules = (
			);
			dependencies = (
			);
			name = DeadMen;
			productName = DeadMen;
			productReference = 0D14ED9E28FBED34006D9DC9 /* DeadMen.app */;
			productType = "com.apple.product-type.application";
		};
		0D14EDB328FBED36006D9DC9 /* DeadMenTests */ = {
			isa = PBXNativeTarget;
			buildConfigurationList = 0D14EDCB28FBED36006D9DC9 /* Build configuration list for PBXNativeTarget "DeadMenTests" */;
			buildPhases = (
				0D14EDB028FBED36006D9DC9 /* Sources */,
				0D14EDB128FBED36006D9DC9 /* Frameworks */,
				0D14EDB228FBED36006D9DC9 /* Resources */,
			);
			buildRules = (
			);
			dependencies = (
				0D14EDB628FBED36006D9DC9 /* PBXTargetDependency */,
			);
			name = DeadMenTests;
			productName = DeadMenTests;
			productReference = 0D14EDB428FBED36006D9DC9 /* DeadMenTests.xctest */;
			productType = "com.apple.product-type.bundle.unit-test";
		};
		0D14EDBD28FBED36006D9DC9 /* DeadMenUITests */ = {
			isa = PBXNativeTarget;
			buildConfigurationList = 0D14EDCE28FBED36006D9DC9 /* Build configuration list for PBXNativeTarget "DeadMenUITests" */;
			buildPhases = (
				0D14EDBA28FBED36006D9DC9 /* Sources */,
				0D14EDBB28FBED36006D9DC9 /* Frameworks */,
				0D14EDBC28FBED36006D9DC9 /* Resources */,
			);
			buildRules = (
			);
			dependencies = (
				0D14EDC028FBED36006D9DC9 /* PBXTargetDependency */,
			);
			name = DeadMenUITests;
			productName = DeadMenUITests;
			productReference = 0D14EDBE28FBED36006D9DC9 /* DeadMenUITests.xctest */;
			productType = "com.apple.product-type.bundle.ui-testing";
		};
/* End PBXNativeTarget section */

/* Begin PBXProject section */
		0D14ED9628FBED34006D9DC9 /* Project object */ = {
			isa = PBXProject;
			attributes = {
				BuildIndependentTargetsInParallel = 1;
				LastSwiftUpdateCheck = 1400;
				LastUpgradeCheck = 1400;
				TargetAttributes = {
					0D14ED9D28FBED34006D9DC9 = {
						CreatedOnToolsVersion = 14.0.1;
					};
					0D14EDB328FBED36006D9DC9 = {
						CreatedOnToolsVersion = 14.0.1;
						TestTargetID = 0D14ED9D28FBED34006D9DC9;
					};
					0D14EDBD28FBED36006D9DC9 = {
						CreatedOnToolsVersion = 14.0.1;
						TestTargetID = 0D14ED9D28FBED34006D9DC9;
					};
				};
			};
			buildConfigurationList = 0D14ED9928FBED34006D9DC9 /* Build configuration list for PBXProject "DeadMen" */;
			compatibilityVersion = "Xcode 14.0";
			developmentRegion = en;
			hasScannedForEncodings = 0;
			knownRegions = (
				en,
				Base,
			);
			mainGroup = 0D14ED9528FBED34006D9DC9;
			productRefGroup = 0D14ED9F28FBED34006D9DC9 /* Products */;
			projectDirPath = "";
			projectRoot = "";
			targets = (
				0D14ED9D28FBED34006D9DC9 /* DeadMen */,
				0D14EDB328FBED36006D9DC9 /* DeadMenTests */,
				0D14EDBD28FBED36006D9DC9 /* DeadMenUITests */,
			);
		};
/* End PBXProject section */

/* Begin PBXResourcesBuildPhase section */
		0D14ED9C28FBED34006D9DC9 /* Resources */ = {
			isa = PBXResourcesBuildPhase;
			buildActionMask = 2147483647;
			files = (
				0D14EDAE28FBED36006D9DC9 /* LaunchScreen.storyboard in Resources */,
				0D14EDAB28FBED36006D9DC9 /* Assets.xcassets in Resources */,
				0D14EDA928FBED34006D9DC9 /* Main.storyboard in Resources */,
			);
			runOnlyForDeploymentPostprocessing = 0;
		};
		0D14EDB228FBED36006D9DC9 /* Resources */ = {
			isa = PBXResourcesBuildPhase;
			buildActionMask = 2147483647;
			files = (
			);
			runOnlyForDeploymentPostprocessing = 0;
		};
		0D14EDBC28FBED36006D9DC9 /* Resources */ = {
			isa = PBXResourcesBuildPhase;
			buildActionMask = 2147483647;
			files = (
			);
			runOnlyForDeploymentPostprocessing = 0;
		};
/* End PBXResourcesBuildPhase section */

/* Begin PBXSourcesBuildPhase section */
		0D14ED9A28FBED34006D9DC9 /* Sources */ = {
			isa = PBXSourcesBuildPhase;
			buildActionMask = 2147483647;
			files = (
				0D14EDD428FC695C006D9DC9 /* newtaskcontroller.swift in Sources */,
				0D14EDD228FBEDFB006D9DC9 /* TestVC.swift in Sources */,
				0D14EDA628FBED34006D9DC9 /* ViewController.swift in Sources */,
				0D14EDA228FBED34006D9DC9 /* AppDelegate.swift in Sources */,
				0D14EDA428FBED34006D9DC9 /* SceneDelegate.swift in Sources */,
				0D14EDD628FC821F006D9DC9 /* TaskViewController.swift in Sources */,
			);
			runOnlyForDeploymentPostprocessing = 0;
		};
		0D14EDB028FBED36006D9DC9 /* Sources */ = {
			isa = PBXSourcesBuildPhase;
			buildActionMask = 2147483647;
			files = (
				0D14EDB928FBED36006D9DC9 /* DeadMenTests.swift in Sources */,
			);
			runOnlyForDeploymentPostprocessing = 0;
		};
		0D14EDBA28FBED36006D9DC9 /* Sources */ = {
			isa = PBXSourcesBuildPhase;
			buildActionMask = 2147483647;
			files = (
				0D14EDC328FBED36006D9DC9 /* DeadMenUITests.swift in Sources */,
				0D14EDC528FBED36006D9DC9 /* DeadMenUITestsLaunchTests.swift in Sources */,
			);
			runOnlyForDeploymentPostprocessing = 0;
		};
/* End PBXSourcesBuildPhase section */

/* Begin PBXTargetDependency section */
		0D14EDB628FBED36006D9DC9 /* PBXTargetDependency */ = {
			isa = PBXTargetDependency;
			target = 0D14ED9D28FBED34006D9DC9 /* DeadMen */;
			targetProxy = 0D14EDB528FBED36006D9DC9 /* PBXContainerItemProxy */;
		};
		0D14EDC028FBED36006D9DC9 /* PBXTargetDependency */ = {
			isa = PBXTargetDependency;
			target = 0D14ED9D28FBED34006D9DC9 /* DeadMen */;
			targetProxy = 0D14EDBF28FBED36006D9DC9 /* PBXContainerItemProxy */;
		};
/* End PBXTargetDependency section */

/* Begin PBXVariantGroup section */
		0D14EDA728FBED34006D9DC9 /* Main.storyboard */ = {
			isa = PBXVariantGroup;
			children = (
				0D14EDA828FBED34006D9DC9 /* Base */,
			);
			name = Main.storyboard;
			sourceTree = "<group>";
		};
		0D14EDAC28FBED36006D9DC9 /* LaunchScreen.storyboard */ = {
			isa = PBXVariantGroup;
			children = (
				0D14EDAD28FBED36006D9DC9 /* Base */,
			);
			name = LaunchScreen.storyboard;
			sourceTree = "<group>";
		};
/* End PBXVariantGroup section */

/* Begin XCBuildConfiguration section */
		0D14EDC628FBED36006D9DC9 /* Debug */ = {
			isa = XCBuildConfiguration;
			buildSettings = {
				ALWAYS_SEARCH_USER_PATHS = NO;
				CLANG_ANALYZER_NONNULL = YES;
				CLANG_ANALYZER_NUMBER_OBJECT_CONVERSION = YES_AGGRESSIVE;
				CLANG_CXX_LANGUAGE_STANDARD = "gnu++20";
				CLANG_ENABLE_MODULES = YES;
				CLANG_ENABLE_OBJC_ARC = YES;
				CLANG_ENABLE_OBJC_WEAK = YES;
				CLANG_WARN_BLOCK_CAPTURE_AUTORELEASING = YES;
				CLANG_WARN_BOOL_CONVERSION = YES;
				CLANG_WARN_COMMA = YES;
				CLANG_WARN_CONSTANT_CONVERSION = YES;
				CLANG_WARN_DEPRECATED_OBJC_IMPLEMENTATIONS = YES;
				CLANG_WARN_DIRECT_OBJC_ISA_USAGE = YES_ERROR;
				CLANG_WARN_DOCUMENTATION_COMMENTS = YES;
				CLANG_WARN_EMPTY_BODY = YES;
				CLANG_WARN_ENUM_CONVERSION = YES;
				CLANG_WARN_INFINITE_RECURSION = YES;
				CLANG_WARN_INT_CONVERSION = YES;
				CLANG_WARN_NON_LITERAL_NULL_CONVERSION = YES;
				CLANG_WARN_OBJC_IMPLICIT_RETAIN_SELF = YES;
				CLANG_WARN_OBJC_LITERAL_CONVERSION = YES;
				CLANG_WARN_OBJC_ROOT_CLASS = YES_ERROR;
				CLANG_WARN_QUOTED_INCLUDE_IN_FRAMEWORK_HEADER = YES;
				CLANG_WARN_RANGE_LOOP_ANALYSIS = YES;
				CLANG_WARN_STRICT_PROTOTYPES = YES;
				CLANG_WARN_SUSPICIOUS_MOVE = YES;
				CLANG_WARN_UNGUARDED_AVAILABILITY = YES_AGGRESSIVE;
				CLANG_WARN_UNREACHABLE_CODE = YES;
				CLANG_WARN__DUPLICATE_METHOD_MATCH = YES;
				COPY_PHASE_STRIP = NO;
				DEBUG_INFORMATION_FORMAT = dwarf;
				ENABLE_STRICT_OBJC_MSGSEND = YES;
				ENABLE_TESTABILITY = YES;
				GCC_C_LANGUAGE_STANDARD = gnu11;
				GCC_DYNAMIC_NO_PIC = NO;
				GCC_NO_COMMON_BLOCKS = YES;
				GCC_OPTIMIZATION_LEVEL = 0;
				GCC_PREPROCESSOR_DEFINITIONS = (
					"DEBUG=1",
					"$(inherited)",
				);
				GCC_WARN_64_TO_32_BIT_CONVERSION = YES;
				GCC_WARN_ABOUT_RETURN_TYPE = YES_ERROR;
				GCC_WARN_UNDECLARED_SELECTOR = YES;
				GCC_WARN_UNINITIALIZED_AUTOS = YES_AGGRESSIVE;
				GCC_WARN_UNUSED_FUNCTION = YES;
				GCC_WARN_UNUSED_VARIABLE = YES;
				IPHONEOS_DEPLOYMENT_TARGET = 16.0;
				MTL_ENABLE_DEBUG_INFO = INCLUDE_SOURCE;
				MTL_FAST_MATH = YES;
				ONLY_ACTIVE_ARCH = YES;
				SDKROOT = iphoneos;
				SWIFT_ACTIVE_COMPILATION_CONDITIONS = DEBUG;
				SWIFT_OPTIMIZATION_LEVEL = "-Onone";
			};
			name = Debug;
		};
		0D14EDC728FBED36006D9DC9 /* Release */ = {
			isa = XCBuildConfiguration;
			buildSettings = {
				ALWAYS_SEARCH_USER_PATHS = NO;
				CLANG_ANALYZER_NONNULL = YES;
				CLANG_ANALYZER_NUMBER_OBJECT_CONVERSION = YES_AGGRESSIVE;
				CLANG_CXX_LANGUAGE_STANDARD = "gnu++20";
				CLANG_ENABLE_MODULES = YES;
				CLANG_ENABLE_OBJC_ARC = YES;
				CLANG_ENABLE_OBJC_WEAK = YES;
				CLANG_WARN_BLOCK_CAPTURE_AUTORELEASING = YES;
				CLANG_WARN_BOOL_CONVERSION = YES;
				CLANG_WARN_COMMA = YES;
				CLANG_WARN_CONSTANT_CONVERSION = YES;
				CLANG_WARN_DEPRECATED_OBJC_IMPLEMENTATIONS = YES;
				CLANG_WARN_DIRECT_OBJC_ISA_USAGE = YES_ERROR;
				CLANG_WARN_DOCUMENTATION_COMMENTS = YES;
				CLANG_WARN_EMPTY_BODY = YES;
				CLANG_WARN_ENUM_CONVERSION = YES;
				CLANG_WARN_INFINITE_RECURSION = YES;
				CLANG_WARN_INT_CONVERSION = YES;
				CLANG_WARN_NON_LITERAL_NULL_CONVERSION = YES;
				CLANG_WARN_OBJC_IMPLICIT_RETAIN_SELF = YES;
				CLANG_WARN_OBJC_LITERAL_CONVERSION = YES;
				CLANG_WARN_OBJC_ROOT_CLASS = YES_ERROR;
				CLANG_WARN_QUOTED_INCLUDE_IN_FRAMEWORK_HEADER = YES;
				CLANG_WARN_RANGE_LOOP_ANALYSIS = YES;
				CLANG_WARN_STRICT_PROTOTYPES = YES;
				CLANG_WARN_SUSPICIOUS_MOVE = YES;
				CLANG_WARN_UNGUARDED_AVAILABILITY = YES_AGGRESSIVE;
				CLANG_WARN_UNREACHABLE_CODE = YES;
				CLANG_WARN__DUPLICATE_METHOD_MATCH = YES;
				COPY_PHASE_STRIP = NO;
				DEBUG_INFORMATION_FORMAT = "dwarf-with-dsym";
				ENABLE_NS_ASSERTIONS = NO;
				ENABLE_STRICT_OBJC_MSGSEND = YES;
				GCC_C_LANGUAGE_STANDARD = gnu11;
				GCC_NO_COMMON_BLOCKS = YES;
				GCC_WARN_64_TO_32_BIT_CONVERSION = YES;
				GCC_WARN_ABOUT_RETURN_TYPE = YES_ERROR;
				GCC_WARN_UNDECLARED_SELECTOR = YES;
				GCC_WARN_UNINITIALIZED_AUTOS = YES_AGGRESSIVE;
				GCC_WARN_UNUSED_FUNCTION = YES;
				GCC_WARN_UNUSED_VARIABLE = YES;
				IPHONEOS_DEPLOYMENT_TARGET = 16.0;
				MTL_ENABLE_DEBUG_INFO = NO;
				MTL_FAST_MATH = YES;
				SDKROOT = iphoneos;
				SWIFT_COMPILATION_MODE = wholemodule;
				SWIFT_OPTIMIZATION_LEVEL = "-O";
				VALIDATE_PRODUCT = YES;
			};
			name = Release;
		};
		0D14EDC928FBED36006D9DC9 /* Debug */ = {
			isa = XCBuildConfiguration;
			buildSettings = {
				ASSETCATALOG_COMPILER_APPICON_NAME = AppIcon;
				ASSETCATALOG_COMPILER_GLOBAL_ACCENT_COLOR_NAME = AccentColor;
				CODE_SIGN_STYLE = Automatic;
				CURRENT_PROJECT_VERSION = 1;
				GENERATE_INFOPLIST_FILE = YES;
				INFOPLIST_FILE = DeadMen/Info.plist;
				INFOPLIST_KEY_UIApplicationSupportsIndirectInputEvents = YES;
				INFOPLIST_KEY_UILaunchStoryboardName = LaunchScreen;
				INFOPLIST_KEY_UIMainStoryboardFile = Main;
				INFOPLIST_KEY_UISupportedInterfaceOrientations_iPad = "UIInterfaceOrientationPortrait UIInterfaceOrientationPortraitUpsideDown UIInterfaceOrientationLandscapeLeft UIInterfaceOrientationLandscapeRight";
				INFOPLIST_KEY_UISupportedInterfaceOrientations_iPhone = "UIInterfaceOrientationPortrait UIInterfaceOrientationLandscapeLeft UIInterfaceOrientationLandscapeRight";
				LD_RUNPATH_SEARCH_PATHS = (
					"$(inherited)",
					"@executable_path/Frameworks",
				);
				MARKETING_VERSION = 1.0;
				PRODUCT_BUNDLE_IDENTIFIER = com.sepehr.DeadMen;
				PRODUCT_NAME = "$(TARGET_NAME)";
				SWIFT_EMIT_LOC_STRINGS = YES;
				SWIFT_VERSION = 5.0;
				TARGETED_DEVICE_FAMILY = "1,2";
			};
			name = Debug;
		};
		0D14EDCA28FBED36006D9DC9 /* Release */ = {
			isa = XCBuildConfiguration;
			buildSettings = {
				ASSETCATALOG_COMPILER_APPICON_NAME = AppIcon;
				ASSETCATALOG_COMPILER_GLOBAL_ACCENT_COLOR_NAME = AccentColor;
				CODE_SIGN_STYLE = Automatic;
				CURRENT_PROJECT_VERSION = 1;
				GENERATE_INFOPLIST_FILE = YES;
				INFOPLIST_FILE = DeadMen/Info.plist;
				INFOPLIST_KEY_UIApplicationSupportsIndirectInputEvents = YES;
				INFOPLIST_KEY_UILaunchStoryboardName = LaunchScreen;
				INFOPLIST_KEY_UIMainStoryboardFile = Main;
				INFOPLIST_KEY_UISupportedInterfaceOrientations_iPad = "UIInterfaceOrientationPortrait UIInterfaceOrientationPortraitUpsideDown UIInterfaceOrientationLandscapeLeft UIInterfaceOrientationLandscapeRight";
				INFOPLIST_KEY_UISupportedInterfaceOrientations_iPhone = "UIInterfaceOrientationPortrait UIInterfaceOrientationLandscapeLeft UIInterfaceOrientationLandscapeRight";
				LD_RUNPATH_SEARCH_PATHS = (
					"$(inherited)",
					"@executable_path/Frameworks",
				);
				MARKETING_VERSION = 1.0;
				PRODUCT_BUNDLE_IDENTIFIER = com.sepehr.DeadMen;
				PRODUCT_NAME = "$(TARGET_NAME)";
				SWIFT_EMIT_LOC_STRINGS = YES;
				SWIFT_VERSION = 5.0;
				TARGETED_DEVICE_FAMILY = "1,2";
			};
			name = Release;
		};
		0D14EDCC28FBED36006D9DC9 /* Debug */ = {
			isa = XCBuildConfiguration;
			buildSettings = {
				ALWAYS_EMBED_SWIFT_STANDARD_LIBRARIES = YES;
				BUNDLE_LOADER = "$(TEST_HOST)";
				CODE_SIGN_STYLE = Automatic;
				CURRENT_PROJECT_VERSION = 1;
				GENERATE_INFOPLIST_FILE = YES;
				IPHONEOS_DEPLOYMENT_TARGET = 16.0;
				MARKETING_VERSION = 1.0;
				PRODUCT_BUNDLE_IDENTIFIER = com.sepehr.DeadMenTests;
				PRODUCT_NAME = "$(TARGET_NAME)";
				SWIFT_EMIT_LOC_STRINGS = NO;
				SWIFT_VERSION = 5.0;
				TARGETED_DEVICE_FAMILY = "1,2";
				TEST_HOST = "$(BUILT_PRODUCTS_DIR)/DeadMen.app/$(BUNDLE_EXECUTABLE_FOLDER_PATH)/DeadMen";
			};
			name = Debug;
		};
		0D14EDCD28FBED36006D9DC9 /* Release */ = {
			isa = XCBuildConfiguration;
			buildSettings = {
				ALWAYS_EMBED_SWIFT_STANDARD_LIBRARIES = YES;
				BUNDLE_LOADER = "$(TEST_HOST)";
				CODE_SIGN_STYLE = Automatic;
				CURRENT_PROJECT_VERSION = 1;
				GENERATE_INFOPLIST_FILE = YES;
				IPHONEOS_DEPLOYMENT_TARGET = 16.0;
				MARKETING_VERSION = 1.0;
				PRODUCT_BUNDLE_IDENTIFIER = com.sepehr.DeadMenTests;
				PRODUCT_NAME = "$(TARGET_NAME)";
				SWIFT_EMIT_LOC_STRINGS = NO;
				SWIFT_VERSION = 5.0;
				TARGETED_DEVICE_FAMILY = "1,2";
				TEST_HOST = "$(BUILT_PRODUCTS_DIR)/DeadMen.app/$(BUNDLE_EXECUTABLE_FOLDER_PATH)/DeadMen";
			};
			name = Release;
		};
		0D14EDCF28FBED36006D9DC9 /* Debug */ = {
			isa = XCBuildConfiguration;
			buildSettings = {
				ALWAYS_EMBED_SWIFT_STANDARD_LIBRARIES = YES;
				CODE_SIGN_STYLE = Automatic;
				CURRENT_PROJECT_VERSION = 1;
				GENERATE_INFOPLIST_FILE = YES;
				MARKETING_VERSION = 1.0;
				PRODUCT_BUNDLE_IDENTIFIER = com.sepehr.DeadMenUITests;
				PRODUCT_NAME = "$(TARGET_NAME)";
				SWIFT_EMIT_LOC_STRINGS = NO;
				SWIFT_VERSION = 5.0;
				TARGETED_DEVICE_FAMILY = "1,2";
				TEST_TARGET_NAME = DeadMen;
			};
			name = Debug;
		};
		0D14EDD028FBED36006D9DC9 /* Release */ = {
			isa = XCBuildConfiguration;
			buildSettings = {
				ALWAYS_EMBED_SWIFT_STANDARD_LIBRARIES = YES;
				CODE_SIGN_STYLE = Automatic;
				CURRENT_PROJECT_VERSION = 1;
				GENERATE_INFOPLIST_FILE = YES;
				MARKETING_VERSION = 1.0;
				PRODUCT_BUNDLE_IDENTIFIER = com.sepehr.DeadMenUITests;
				PRODUCT_NAME = "$(TARGET_NAME)";
				SWIFT_EMIT_LOC_STRINGS = NO;
				SWIFT_VERSION = 5.0;
				TARGETED_DEVICE_FAMILY = "1,2";
				TEST_TARGET_NAME = DeadMen;
			};
			name = Release;
		};
/* End XCBuildConfiguration section */

/* Begin XCConfigurationList section */
		0D14ED9928FBED34006D9DC9 /* Build configuration list for PBXProject "DeadMen" */ = {
			isa = XCConfigurationList;
			buildConfigurations = (
				0D14EDC628FBED36006D9DC9 /* Debug */,
				0D14EDC728FBED36006D9DC9 /* Release */,
			);
			defaultConfigurationIsVisible = 0;
			defaultConfigurationName = Release;
		};
		0D14EDC828FBED36006D9DC9 /* Build configuration list for PBXNativeTarget "DeadMen" */ = {
			isa = XCConfigurationList;
			buildConfigurations = (
				0D14EDC928FBED36006D9DC9 /* Debug */,
				0D14EDCA28FBED36006D9DC9 /* Release */,
			);
			defaultConfigurationIsVisible = 0;
			defaultConfigurationName = Release;
		};
		0D14EDCB28FBED36006D9DC9 /* Build configuration list for PBXNativeTarget "DeadMenTests" */ = {
			isa = XCConfigurationList;
			buildConfigurations = (
				0D14EDCC28FBED36006D9DC9 /* Debug */,
				0D14EDCD28FBED36006D9DC9 /* Release */,
			);
			defaultConfigurationIsVisible = 0;
			defaultConfigurationName = Release;
		};
		0D14EDCE28FBED36006D9DC9 /* Build configuration list for PBXNativeTarget "DeadMenUITests" */ = {
			isa = XCConfigurationList;
			buildConfigurations = (
				0D14EDCF28FBED36006D9DC9 /* Debug */,
				0D14EDD028FBED36006D9DC9 /* Release */,
			);
			defaultConfigurationIsVisible = 0;
			defaultConfigurationName = Release;
		};
/* End XCConfigurationList section */
	};
	rootObject = 0D14ED9628FBED34006D9DC9 /* Project object */;
}
